
Microsoft Visual Studio Solution File, Format Version 12.00
# Visual Studio 2012
Project("{FAE04EC0-301F-11D3-BF4B-00C04F79EFBC}") = "ColorGame.SL", "ColorGame.SL\ColorGame.SL.csproj", "{4A3A1629-A38D-4328-926B-466ED928074F}"
	ProjectSection(ProjectDependencies) = postProject
		{3440CD6B-09E0-4C98-8C85-4BA386A8B98B} = {3440CD6B-09E0-4C98-8C85-4BA386A8B98B}
	EndProjectSection
EndProject
Project("{FAE04EC0-301F-11D3-BF4B-00C04F79EFBC}") = "ColorGame.SL.Web", "ColorGame.SL.Web\ColorGame.SL.Web.csproj", "{3440CD6B-09E0-4C98-8C85-4BA386A8B98B}"
EndProject
Global
	GlobalSection(SolutionConfigurationPlatforms) = preSolution
		Debug|Any CPU = Debug|Any CPU
		Release|Any CPU = Release|Any CPU
	EndGlobalSection
	GlobalSection(ProjectConfigurationPlatforms) = postSolution
		{4A3A1629-A38D-4328-926B-466ED928074F}.Debug|Any CPU.ActiveCfg = Debug|Any CPU
		{4A3A1629-A38D-4328-926B-466ED928074F}.Debug|Any CPU.Build.0 = Debug|Any CPU
		{4A3A1629-A38D-4328-926B-466ED928074F}.Release|Any CPU.ActiveCfg = Release|Any CPU
		{4A3A1629-A38D-4328-926B-466ED928074F}.Release|Any CPU.Build.0 = Release|Any CPU
		{3440CD6B-09E0-4C98-8C85-4BA386A8B98B}.Debug|Any CPU.ActiveCfg = Debug|Any CPU
		{3440CD6B-09E0-4C98-8C85-4BA386A8B98B}.Debug|Any CPU.Build.0 = Debug|Any CPU
		{3440CD6B-09E0-4C98-8C85-4BA386A8B98B}.Release|Any CPU.ActiveCfg = Release|Any CPU
		{3440CD6B-09E0-4C98-8C85-4BA386A8B98B}.Release|Any CPU.Build.0 = Release|Any CPU
	EndGlobalSection
	GlobalSection(SolutionProperties) = preSolution
		HideSolutionNode = FALSE
	EndGlobalSection
EndGlobal
